// !$*UTF8*$!
{
	archiveVersion = 1;
	classes = {
	};
	objectVersion = 55;
	objects = {

/* Begin PBXBuildFile section */
		114352437423B790FF4DD9DC /* Pods_UnsplashAppIOS.framework in Frameworks */ = {isa = PBXBuildFile; fileRef = 58CC60702575277A52F17401 /* Pods_UnsplashAppIOS.framework */; };
		657249A228F4A7470049099A /* AppDelegate.swift in Sources */ = {isa = PBXBuildFile; fileRef = 657249A128F4A7470049099A /* AppDelegate.swift */; };
		657249A428F4A7470049099A /* SceneDelegate.swift in Sources */ = {isa = PBXBuildFile; fileRef = 657249A328F4A7470049099A /* SceneDelegate.swift */; };
		657249A628F4A7470049099A /* TabBarView.swift in Sources */ = {isa = PBXBuildFile; fileRef = 657249A528F4A7470049099A /* TabBarView.swift */; };
		657249AB28F4A74A0049099A /* Assets.xcassets in Resources */ = {isa = PBXBuildFile; fileRef = 657249AA28F4A74A0049099A /* Assets.xcassets */; };
		657249AE28F4A74A0049099A /* LaunchScreen.storyboard in Resources */ = {isa = PBXBuildFile; fileRef = 657249AC28F4A74A0049099A /* LaunchScreen.storyboard */; };
		657249BD28F4A9410049099A /* FavouriteView.swift in Sources */ = {isa = PBXBuildFile; fileRef = 657249BC28F4A9410049099A /* FavouriteView.swift */; };
		657249BF28F4A9560049099A /* MainPageView.swift in Sources */ = {isa = PBXBuildFile; fileRef = 657249BE28F4A9560049099A /* MainPageView.swift */; };
		657249C228F4ACFA0049099A /* Dynamic.swift in Sources */ = {isa = PBXBuildFile; fileRef = 657249C128F4ACFA0049099A /* Dynamic.swift */; };
		657249C528F4ADB80049099A /* MainPostCell.swift in Sources */ = {isa = PBXBuildFile; fileRef = 657249C428F4ADB80049099A /* MainPostCell.swift */; };
		657249C828F4B77E0049099A /* FavouriteCell.swift in Sources */ = {isa = PBXBuildFile; fileRef = 657249C728F4B77E0049099A /* FavouriteCell.swift */; };
		657249CB28F4BB5E0049099A /* API.swift in Sources */ = {isa = PBXBuildFile; fileRef = 657249CA28F4BB5E0049099A /* API.swift */; };
		657249CE28F4BC490049099A /* Photos.swift in Sources */ = {isa = PBXBuildFile; fileRef = 657249CD28F4BC490049099A /* Photos.swift */; };
		657249D128F4BE310049099A /* MainPageViewModel.swift in Sources */ = {isa = PBXBuildFile; fileRef = 657249D028F4BE310049099A /* MainPageViewModel.swift */; };
/* End PBXBuildFile section */

/* Begin PBXFileReference section */
		32D20FEC2E125A290E2C128A /* Pods-UnsplashAppIOS.debug.xcconfig */ = {isa = PBXFileReference; includeInIndex = 1; lastKnownFileType = text.xcconfig; name = "Pods-UnsplashAppIOS.debug.xcconfig"; path = "Target Support Files/Pods-UnsplashAppIOS/Pods-UnsplashAppIOS.debug.xcconfig"; sourceTree = "<group>"; };
		58CC60702575277A52F17401 /* Pods_UnsplashAppIOS.framework */ = {isa = PBXFileReference; explicitFileType = wrapper.framework; includeInIndex = 0; path = Pods_UnsplashAppIOS.framework; sourceTree = BUILT_PRODUCTS_DIR; };
		6572499E28F4A7460049099A /* UnsplashAppIOS.app */ = {isa = PBXFileReference; explicitFileType = wrapper.application; includeInIndex = 0; path = UnsplashAppIOS.app; sourceTree = BUILT_PRODUCTS_DIR; };
		657249A128F4A7470049099A /* AppDelegate.swift */ = {isa = PBXFileReference; lastKnownFileType = sourcecode.swift; path = AppDelegate.swift; sourceTree = "<group>"; };
		657249A328F4A7470049099A /* SceneDelegate.swift */ = {isa = PBXFileReference; lastKnownFileType = sourcecode.swift; path = SceneDelegate.swift; sourceTree = "<group>"; };
		657249A528F4A7470049099A /* TabBarView.swift */ = {isa = PBXFileReference; lastKnownFileType = sourcecode.swift; path = TabBarView.swift; sourceTree = "<group>"; };
		657249AA28F4A74A0049099A /* Assets.xcassets */ = {isa = PBXFileReference; lastKnownFileType = folder.assetcatalog; path = Assets.xcassets; sourceTree = "<group>"; };
		657249AD28F4A74A0049099A /* Base */ = {isa = PBXFileReference; lastKnownFileType = file.storyboard; name = Base; path = Base.lproj/LaunchScreen.storyboard; sourceTree = "<group>"; };
		657249AF28F4A74A0049099A /* Info.plist */ = {isa = PBXFileReference; lastKnownFileType = text.plist.xml; path = Info.plist; sourceTree = "<group>"; };
		657249BC28F4A9410049099A /* FavouriteView.swift */ = {isa = PBXFileReference; lastKnownFileType = sourcecode.swift; path = FavouriteView.swift; sourceTree = "<group>"; };
		657249BE28F4A9560049099A /* MainPageView.swift */ = {isa = PBXFileReference; lastKnownFileType = sourcecode.swift; path = MainPageView.swift; sourceTree = "<group>"; };
		657249C128F4ACFA0049099A /* Dynamic.swift */ = {isa = PBXFileReference; lastKnownFileType = sourcecode.swift; path = Dynamic.swift; sourceTree = "<group>"; };
		657249C428F4ADB80049099A /* MainPostCell.swift */ = {isa = PBXFileReference; lastKnownFileType = sourcecode.swift; path = MainPostCell.swift; sourceTree = "<group>"; };
		657249C728F4B77E0049099A /* FavouriteCell.swift */ = {isa = PBXFileReference; lastKnownFileType = sourcecode.swift; path = FavouriteCell.swift; sourceTree = "<group>"; };
		657249CA28F4BB5E0049099A /* API.swift */ = {isa = PBXFileReference; lastKnownFileType = sourcecode.swift; path = API.swift; sourceTree = "<group>"; };
		657249CD28F4BC490049099A /* Photos.swift */ = {isa = PBXFileReference; lastKnownFileType = sourcecode.swift; path = Photos.swift; sourceTree = "<group>"; };
		657249D028F4BE310049099A /* MainPageViewModel.swift */ = {isa = PBXFileReference; lastKnownFileType = sourcecode.swift; path = MainPageViewModel.swift; sourceTree = "<group>"; };
		8F55BE3DB7EBE877DE47E79D /* Pods-UnsplashAppIOS.release.xcconfig */ = {isa = PBXFileReference; includeInIndex = 1; lastKnownFileType = text.xcconfig; name = "Pods-UnsplashAppIOS.release.xcconfig"; path = "Target Support Files/Pods-UnsplashAppIOS/Pods-UnsplashAppIOS.release.xcconfig"; sourceTree = "<group>"; };
/* End PBXFileReference section */

/* Begin PBXFrameworksBuildPhase section */
		6572499B28F4A7460049099A /* Frameworks */ = {
			isa = PBXFrameworksBuildPhase;
			buildActionMask = 2147483647;
			files = (
				114352437423B790FF4DD9DC /* Pods_UnsplashAppIOS.framework in Frameworks */,
			);
			runOnlyForDeploymentPostprocessing = 0;
		};
/* End PBXFrameworksBuildPhase section */

/* Begin PBXGroup section */
		6572499528F4A7460049099A = {
			isa = PBXGroup;
			children = (
				657249A028F4A7460049099A /* UnsplashAppIOS */,
				6572499F28F4A7460049099A /* Products */,
				65DD56B8F03FCC120FFDC297 /* Pods */,
				E99D355F1C4D0401FDA0C3E5 /* Frameworks */,
			);
			sourceTree = "<group>";
		};
		6572499F28F4A7460049099A /* Products */ = {
			isa = PBXGroup;
			children = (
				6572499E28F4A7460049099A /* UnsplashAppIOS.app */,
			);
			name = Products;
			sourceTree = "<group>";
		};
		657249A028F4A7460049099A /* UnsplashAppIOS */ = {
			isa = PBXGroup;
			children = (
				657249C928F4BACD0049099A /* API */,
				657249CC28F4BC3C0049099A /* Models */,
				657249B528F4A75D0049099A /* Application */,
				657249C028F4ACE30049099A /* Bindings */,
				657249B628F4A7C50049099A /* TabBarModule */,
				657249BA28F4A8F50049099A /* FavouriteModule */,
				657249B828F4A8DD0049099A /* MainPageModule */,
				657249AA28F4A74A0049099A /* Assets.xcassets */,
				657249AC28F4A74A0049099A /* LaunchScreen.storyboard */,
				657249AF28F4A74A0049099A /* Info.plist */,
			);
			path = UnsplashAppIOS;
			sourceTree = "<group>";
		};
		657249B528F4A75D0049099A /* Application */ = {
			isa = PBXGroup;
			children = (
				657249A128F4A7470049099A /* AppDelegate.swift */,
				657249A328F4A7470049099A /* SceneDelegate.swift */,
			);
			path = Application;
			sourceTree = "<group>";
		};
		657249B628F4A7C50049099A /* TabBarModule */ = {
			isa = PBXGroup;
			children = (
				657249B728F4A7D40049099A /* View */,
			);
			path = TabBarModule;
			sourceTree = "<group>";
		};
		657249B728F4A7D40049099A /* View */ = {
			isa = PBXGroup;
			children = (
				657249A528F4A7470049099A /* TabBarView.swift */,
			);
			path = View;
			sourceTree = "<group>";
		};
		657249B828F4A8DD0049099A /* MainPageModule */ = {
			isa = PBXGroup;
			children = (
				657249C328F4AD990049099A /* Cell */,
				657249CF28F4BE1E0049099A /* ViewModel */,
				657249B928F4A8EA0049099A /* View */,
			);
			path = MainPageModule;
			sourceTree = "<group>";
		};
		657249B928F4A8EA0049099A /* View */ = {
			isa = PBXGroup;
			children = (
				657249BE28F4A9560049099A /* MainPageView.swift */,
			);
			path = View;
			sourceTree = "<group>";
		};
		657249BA28F4A8F50049099A /* FavouriteModule */ = {
			isa = PBXGroup;
			children = (
				657249C628F4B7430049099A /* Cell */,
				657249BB28F4A9020049099A /* View */,
			);
			path = FavouriteModule;
			sourceTree = "<group>";
		};
		657249BB28F4A9020049099A /* View */ = {
			isa = PBXGroup;
			children = (
				657249BC28F4A9410049099A /* FavouriteView.swift */,
			);
			path = View;
			sourceTree = "<group>";
		};
		657249C028F4ACE30049099A /* Bindings */ = {
			isa = PBXGroup;
			children = (
				657249C128F4ACFA0049099A /* Dynamic.swift */,
			);
			path = Bindings;
			sourceTree = "<group>";
		};
		657249C328F4AD990049099A /* Cell */ = {
			isa = PBXGroup;
			children = (
				657249C428F4ADB80049099A /* MainPostCell.swift */,
			);
			path = Cell;
			sourceTree = "<group>";
		};
		657249C628F4B7430049099A /* Cell */ = {
			isa = PBXGroup;
			children = (
				657249C728F4B77E0049099A /* FavouriteCell.swift */,
			);
			path = Cell;
			sourceTree = "<group>";
		};
		657249C928F4BACD0049099A /* API */ = {
			isa = PBXGroup;
			children = (
				657249CA28F4BB5E0049099A /* API.swift */,
			);
			path = API;
			sourceTree = "<group>";
		};
		657249CC28F4BC3C0049099A /* Models */ = {
			isa = PBXGroup;
			children = (
				657249CD28F4BC490049099A /* Photos.swift */,
			);
			path = Models;
			sourceTree = "<group>";
		};
		657249CF28F4BE1E0049099A /* ViewModel */ = {
			isa = PBXGroup;
			children = (
				657249D028F4BE310049099A /* MainPageViewModel.swift */,
			);
			path = ViewModel;
			sourceTree = "<group>";
		};
		65DD56B8F03FCC120FFDC297 /* Pods */ = {
			isa = PBXGroup;
			children = (
				32D20FEC2E125A290E2C128A /* Pods-UnsplashAppIOS.debug.xcconfig */,
				8F55BE3DB7EBE877DE47E79D /* Pods-UnsplashAppIOS.release.xcconfig */,
			);
			path = Pods;
			sourceTree = "<group>";
		};
		E99D355F1C4D0401FDA0C3E5 /* Frameworks */ = {
			isa = PBXGroup;
			children = (
				58CC60702575277A52F17401 /* Pods_UnsplashAppIOS.framework */,
			);
			name = Frameworks;
			sourceTree = "<group>";
		};
/* End PBXGroup section */

/* Begin PBXNativeTarget section */
		6572499D28F4A7460049099A /* UnsplashAppIOS */ = {
			isa = PBXNativeTarget;
			buildConfigurationList = 657249B228F4A74A0049099A /* Build configuration list for PBXNativeTarget "UnsplashAppIOS" */;
			buildPhases = (
				984C7F8D1FDA4AB86E3DA846 /* [CP] Check Pods Manifest.lock */,
				6572499A28F4A7460049099A /* Sources */,
				6572499B28F4A7460049099A /* Frameworks */,
				6572499C28F4A7460049099A /* Resources */,
				C510D8F806C30E1824E23C4F /* [CP] Embed Pods Frameworks */,
			);
			buildRules = (
			);
			dependencies = (
			);
			name = UnsplashAppIOS;
			productName = UnsplashAppIOS;
			productReference = 6572499E28F4A7460049099A /* UnsplashAppIOS.app */;
			productType = "com.apple.product-type.application";
		};
/* End PBXNativeTarget section */

/* Begin PBXProject section */
		6572499628F4A7460049099A /* Project object */ = {
			isa = PBXProject;
			attributes = {
				BuildIndependentTargetsInParallel = 1;
				LastSwiftUpdateCheck = 1400;
				LastUpgradeCheck = 1400;
				TargetAttributes = {
					6572499D28F4A7460049099A = {
						CreatedOnToolsVersion = 14.0.1;
					};
				};
			};
			buildConfigurationList = 6572499928F4A7460049099A /* Build configuration list for PBXProject "UnsplashAppIOS" */;
			compatibilityVersion = "Xcode 13.0";
			developmentRegion = en;
			hasScannedForEncodings = 0;
			knownRegions = (
				en,
				Base,
			);
			mainGroup = 6572499528F4A7460049099A;
			productRefGroup = 6572499F28F4A7460049099A /* Products */;
			projectDirPath = "";
			projectRoot = "";
			targets = (
				6572499D28F4A7460049099A /* UnsplashAppIOS */,
			);
		};
/* End PBXProject section */

/* Begin PBXResourcesBuildPhase section */
		6572499C28F4A7460049099A /* Resources */ = {
			isa = PBXResourcesBuildPhase;
			buildActionMask = 2147483647;
			files = (
				657249AE28F4A74A0049099A /* LaunchScreen.storyboard in Resources */,
				657249AB28F4A74A0049099A /* Assets.xcassets in Resources */,
			);
			runOnlyForDeploymentPostprocessing = 0;
		};
/* End PBXResourcesBuildPhase section */

/* Begin PBXShellScriptBuildPhase section */
		984C7F8D1FDA4AB86E3DA846 /* [CP] Check Pods Manifest.lock */ = {
			isa = PBXShellScriptBuildPhase;
			buildActionMask = 2147483647;
			files = (
			);
			inputFileListPaths = (
			);
			inputPaths = (
				"${PODS_PODFILE_DIR_PATH}/Podfile.lock",
				"${PODS_ROOT}/Manifest.lock",
			);
			name = "[CP] Check Pods Manifest.lock";
			outputFileListPaths = (
			);
			outputPaths = (
				"$(DERIVED_FILE_DIR)/Pods-UnsplashAppIOS-checkManifestLockResult.txt",
			);
			runOnlyForDeploymentPostprocessing = 0;
			shellPath = /bin/sh;
			shellScript = "diff \"${PODS_PODFILE_DIR_PATH}/Podfile.lock\" \"${PODS_ROOT}/Manifest.lock\" > /dev/null\nif [ $? != 0 ] ; then\n    # print error to STDERR\n    echo \"error: The sandbox is not in sync with the Podfile.lock. Run 'pod install' or update your CocoaPods installation.\" >&2\n    exit 1\nfi\n# This output is used by Xcode 'outputs' to avoid re-running this script phase.\necho \"SUCCESS\" > \"${SCRIPT_OUTPUT_FILE_0}\"\n";
			showEnvVarsInLog = 0;
		};
		C510D8F806C30E1824E23C4F /* [CP] Embed Pods Frameworks */ = {
			isa = PBXShellScriptBuildPhase;
			buildActionMask = 2147483647;
			files = (
			);
			inputFileListPaths = (
				"${PODS_ROOT}/Target Support Files/Pods-UnsplashAppIOS/Pods-UnsplashAppIOS-frameworks-${CONFIGURATION}-input-files.xcfilelist",
			);
			name = "[CP] Embed Pods Frameworks";
			outputFileListPaths = (
				"${PODS_ROOT}/Target Support Files/Pods-UnsplashAppIOS/Pods-UnsplashAppIOS-frameworks-${CONFIGURATION}-output-files.xcfilelist",
			);
			runOnlyForDeploymentPostprocessing = 0;
			shellPath = /bin/sh;
			shellScript = "\"${PODS_ROOT}/Target Support Files/Pods-UnsplashAppIOS/Pods-UnsplashAppIOS-frameworks.sh\"\n";
			showEnvVarsInLog = 0;
		};
/* End PBXShellScriptBuildPhase section */

/* Begin PBXSourcesBuildPhase section */
		6572499A28F4A7460049099A /* Sources */ = {
			isa = PBXSourcesBuildPhase;
			buildActionMask = 2147483647;
			files = (
				657249A628F4A7470049099A /* TabBarView.swift in Sources */,
				657249C528F4ADB80049099A /* MainPostCell.swift in Sources */,
				657249A228F4A7470049099A /* AppDelegate.swift in Sources */,
				657249C828F4B77E0049099A /* FavouriteCell.swift in Sources */,
				657249BF28F4A9560049099A /* MainPageView.swift in Sources */,
				657249D128F4BE310049099A /* MainPageViewModel.swift in Sources */,
				657249C228F4ACFA0049099A /* Dynamic.swift in Sources */,
				657249BD28F4A9410049099A /* FavouriteView.swift in Sources */,
				657249CB28F4BB5E0049099A /* API.swift in Sources */,
				657249CE28F4BC490049099A /* Photos.swift in Sources */,
				657249A428F4A7470049099A /* SceneDelegate.swift in Sources */,
			);
			runOnlyForDeploymentPostprocessing = 0;
		};
/* End PBXSourcesBuildPhase section */

/* Begin PBXVariantGroup section */
		657249AC28F4A74A0049099A /* LaunchScreen.storyboard */ = {
			isa = PBXVariantGroup;
			children = (
				657249AD28F4A74A0049099A /* Base */,
			);
			name = LaunchScreen.storyboard;
			sourceTree = "<group>";
		};
/* End PBXVariantGroup section */

/* Begin XCBuildConfiguration section */
		657249B028F4A74A0049099A /* Debug */ = {
			isa = XCBuildConfiguration;
			buildSettings = {
				ALWAYS_SEARCH_USER_PATHS = NO;
				CLANG_ANALYZER_NONNULL = YES;
				CLANG_ANALYZER_NUMBER_OBJECT_CONVERSION = YES_AGGRESSIVE;
				CLANG_CXX_LANGUAGE_STANDARD = "gnu++20";
				CLANG_ENABLE_MODULES = YES;
				CLANG_ENABLE_OBJC_ARC = YES;
				CLANG_ENABLE_OBJC_WEAK = YES;
				CLANG_WARN_BLOCK_CAPTURE_AUTORELEASING = YES;
				CLANG_WARN_BOOL_CONVERSION = YES;
				CLANG_WARN_COMMA = YES;
				CLANG_WARN_CONSTANT_CONVERSION = YES;
				CLANG_WARN_DEPRECATED_OBJC_IMPLEMENTATIONS = YES;
				CLANG_WARN_DIRECT_OBJC_ISA_USAGE = YES_ERROR;
				CLANG_WARN_DOCUMENTATION_COMMENTS = YES;
				CLANG_WARN_EMPTY_BODY = YES;
				CLANG_WARN_ENUM_CONVERSION = YES;
				CLANG_WARN_INFINITE_RECURSION = YES;
				CLANG_WARN_INT_CONVERSION = YES;
				CLANG_WARN_NON_LITERAL_NULL_CONVERSION = YES;
				CLANG_WARN_OBJC_IMPLICIT_RETAIN_SELF = YES;
				CLANG_WARN_OBJC_LITERAL_CONVERSION = YES;
				CLANG_WARN_OBJC_ROOT_CLASS = YES_ERROR;
				CLANG_WARN_QUOTED_INCLUDE_IN_FRAMEWORK_HEADER = YES;
				CLANG_WARN_RANGE_LOOP_ANALYSIS = YES;
				CLANG_WARN_STRICT_PROTOTYPES = YES;
				CLANG_WARN_SUSPICIOUS_MOVE = YES;
				CLANG_WARN_UNGUARDED_AVAILABILITY = YES_AGGRESSIVE;
				CLANG_WARN_UNREACHABLE_CODE = YES;
				CLANG_WARN__DUPLICATE_METHOD_MATCH = YES;
				COPY_PHASE_STRIP = NO;
				DEBUG_INFORMATION_FORMAT = dwarf;
				ENABLE_STRICT_OBJC_MSGSEND = YES;
				ENABLE_TESTABILITY = YES;
				GCC_C_LANGUAGE_STANDARD = gnu11;
				GCC_DYNAMIC_NO_PIC = NO;
				GCC_NO_COMMON_BLOCKS = YES;
				GCC_OPTIMIZATION_LEVEL = 0;
				GCC_PREPROCESSOR_DEFINITIONS = (
					"DEBUG=1",
					"$(inherited)",
				);
				GCC_WARN_64_TO_32_BIT_CONVERSION = YES;
				GCC_WARN_ABOUT_RETURN_TYPE = YES_ERROR;
				GCC_WARN_UNDECLARED_SELECTOR = YES;
				GCC_WARN_UNINITIALIZED_AUTOS = YES_AGGRESSIVE;
				GCC_WARN_UNUSED_FUNCTION = YES;
				GCC_WARN_UNUSED_VARIABLE = YES;
				IPHONEOS_DEPLOYMENT_TARGET = 16.0;
				MTL_ENABLE_DEBUG_INFO = INCLUDE_SOURCE;
				MTL_FAST_MATH = YES;
				ONLY_ACTIVE_ARCH = YES;
				SDKROOT = iphoneos;
				SWIFT_ACTIVE_COMPILATION_CONDITIONS = DEBUG;
				SWIFT_OPTIMIZATION_LEVEL = "-Onone";
			};
			name = Debug;
		};
		657249B128F4A74A0049099A /* Release */ = {
			isa = XCBuildConfiguration;
			buildSettings = {
				ALWAYS_SEARCH_USER_PATHS = NO;
				CLANG_ANALYZER_NONNULL = YES;
				CLANG_ANALYZER_NUMBER_OBJECT_CONVERSION = YES_AGGRESSIVE;
				CLANG_CXX_LANGUAGE_STANDARD = "gnu++20";
				CLANG_ENABLE_MODULES = YES;
				CLANG_ENABLE_OBJC_ARC = YES;
				CLANG_ENABLE_OBJC_WEAK = YES;
				CLANG_WARN_BLOCK_CAPTURE_AUTORELEASING = YES;
				CLANG_WARN_BOOL_CONVERSION = YES;
				CLANG_WARN_COMMA = YES;
				CLANG_WARN_CONSTANT_CONVERSION = YES;
				CLANG_WARN_DEPRECATED_OBJC_IMPLEMENTATIONS = YES;
				CLANG_WARN_DIRECT_OBJC_ISA_USAGE = YES_ERROR;
				CLANG_WARN_DOCUMENTATION_COMMENTS = YES;
				CLANG_WARN_EMPTY_BODY = YES;
				CLANG_WARN_ENUM_CONVERSION = YES;
				CLANG_WARN_INFINITE_RECURSION = YES;
				CLANG_WARN_INT_CONVERSION = YES;
				CLANG_WARN_NON_LITERAL_NULL_CONVERSION = YES;
				CLANG_WARN_OBJC_IMPLICIT_RETAIN_SELF = YES;
				CLANG_WARN_OBJC_LITERAL_CONVERSION = YES;
				CLANG_WARN_OBJC_ROOT_CLASS = YES_ERROR;
				CLANG_WARN_QUOTED_INCLUDE_IN_FRAMEWORK_HEADER = YES;
				CLANG_WARN_RANGE_LOOP_ANALYSIS = YES;
				CLANG_WARN_STRICT_PROTOTYPES = YES;
				CLANG_WARN_SUSPICIOUS_MOVE = YES;
				CLANG_WARN_UNGUARDED_AVAILABILITY = YES_AGGRESSIVE;
				CLANG_WARN_UNREACHABLE_CODE = YES;
				CLANG_WARN__DUPLICATE_METHOD_MATCH = YES;
				COPY_PHASE_STRIP = NO;
				DEBUG_INFORMATION_FORMAT = "dwarf-with-dsym";
				ENABLE_NS_ASSERTIONS = NO;
				ENABLE_STRICT_OBJC_MSGSEND = YES;
				GCC_C_LANGUAGE_STANDARD = gnu11;
				GCC_NO_COMMON_BLOCKS = YES;
				GCC_WARN_64_TO_32_BIT_CONVERSION = YES;
				GCC_WARN_ABOUT_RETURN_TYPE = YES_ERROR;
				GCC_WARN_UNDECLARED_SELECTOR = YES;
				GCC_WARN_UNINITIALIZED_AUTOS = YES_AGGRESSIVE;
				GCC_WARN_UNUSED_FUNCTION = YES;
				GCC_WARN_UNUSED_VARIABLE = YES;
				IPHONEOS_DEPLOYMENT_TARGET = 16.0;
				MTL_ENABLE_DEBUG_INFO = NO;
				MTL_FAST_MATH = YES;
				SDKROOT = iphoneos;
				SWIFT_COMPILATION_MODE = wholemodule;
				SWIFT_OPTIMIZATION_LEVEL = "-O";
				VALIDATE_PRODUCT = YES;
			};
			name = Release;
		};
		657249B328F4A74A0049099A /* Debug */ = {
			isa = XCBuildConfiguration;
			baseConfigurationReference = 32D20FEC2E125A290E2C128A /* Pods-UnsplashAppIOS.debug.xcconfig */;
			buildSettings = {
				ASSETCATALOG_COMPILER_APPICON_NAME = AppIcon;
				ASSETCATALOG_COMPILER_GLOBAL_ACCENT_COLOR_NAME = AccentColor;
				CODE_SIGN_STYLE = Automatic;
				CURRENT_PROJECT_VERSION = 1;
				GENERATE_INFOPLIST_FILE = YES;
				INFOPLIST_FILE = UnsplashAppIOS/Info.plist;
				INFOPLIST_KEY_UIApplicationSupportsIndirectInputEvents = YES;
				INFOPLIST_KEY_UILaunchStoryboardName = LaunchScreen;
				INFOPLIST_KEY_UISupportedInterfaceOrientations_iPad = "UIInterfaceOrientationPortrait UIInterfaceOrientationPortraitUpsideDown UIInterfaceOrientationLandscapeLeft UIInterfaceOrientationLandscapeRight";
				INFOPLIST_KEY_UISupportedInterfaceOrientations_iPhone = "UIInterfaceOrientationPortrait UIInterfaceOrientationLandscapeLeft UIInterfaceOrientationLandscapeRight";
				IPHONEOS_DEPLOYMENT_TARGET = 15.0;
				LD_RUNPATH_SEARCH_PATHS = (
					"$(inherited)",
					"@executable_path/Frameworks",
				);
				MARKETING_VERSION = 1.0;
				PRODUCT_BUNDLE_IDENTIFIER = "artem-solovev.unsplash.UnsplashAppIOS";
				PRODUCT_NAME = "$(TARGET_NAME)";
				SWIFT_EMIT_LOC_STRINGS = YES;
				SWIFT_VERSION = 5.0;
				TARGETED_DEVICE_FAMILY = "1,2";
			};
			name = Debug;
		};
		657249B428F4A74A0049099A /* Release */ = {
			isa = XCBuildConfiguration;
			baseConfigurationReference = 8F55BE3DB7EBE877DE47E79D /* Pods-UnsplashAppIOS.release.xcconfig */;
			buildSettings = {
				ASSETCATALOG_COMPILER_APPICON_NAME = AppIcon;
				ASSETCATALOG_COMPILER_GLOBAL_ACCENT_COLOR_NAME = AccentColor;
				CODE_SIGN_STYLE = Automatic;
				CURRENT_PROJECT_VERSION = 1;
				GENERATE_INFOPLIST_FILE = YES;
				INFOPLIST_FILE = UnsplashAppIOS/Info.plist;
				INFOPLIST_KEY_UIApplicationSupportsIndirectInputEvents = YES;
				INFOPLIST_KEY_UILaunchStoryboardName = LaunchScreen;
				INFOPLIST_KEY_UISupportedInterfaceOrientations_iPad = "UIInterfaceOrientationPortrait UIInterfaceOrientationPortraitUpsideDown UIInterfaceOrientationLandscapeLeft UIInterfaceOrientationLandscapeRight";
				INFOPLIST_KEY_UISupportedInterfaceOrientations_iPhone = "UIInterfaceOrientationPortrait UIInterfaceOrientationLandscapeLeft UIInterfaceOrientationLandscapeRight";
				IPHONEOS_DEPLOYMENT_TARGET = 15.0;
				LD_RUNPATH_SEARCH_PATHS = (
					"$(inherited)",
					"@executable_path/Frameworks",
				);
				MARKETING_VERSION = 1.0;
				PRODUCT_BUNDLE_IDENTIFIER = "artem-solovev.unsplash.UnsplashAppIOS";
				PRODUCT_NAME = "$(TARGET_NAME)";
				SWIFT_EMIT_LOC_STRINGS = YES;
				SWIFT_VERSION = 5.0;
				TARGETED_DEVICE_FAMILY = "1,2";
			};
			name = Release;
		};
/* End XCBuildConfiguration section */

/* Begin XCConfigurationList section */
		6572499928F4A7460049099A /* Build configuration list for PBXProject "UnsplashAppIOS" */ = {
			isa = XCConfigurationList;
			buildConfigurations = (
				657249B028F4A74A0049099A /* Debug */,
				657249B128F4A74A0049099A /* Release */,
			);
			defaultConfigurationIsVisible = 0;
			defaultConfigurationName = Release;
		};
		657249B228F4A74A0049099A /* Build configuration list for PBXNativeTarget "UnsplashAppIOS" */ = {
			isa = XCConfigurationList;
			buildConfigurations = (
				657249B328F4A74A0049099A /* Debug */,
				657249B428F4A74A0049099A /* Release */,
			);
			defaultConfigurationIsVisible = 0;
			defaultConfigurationName = Release;
		};
/* End XCConfigurationList section */
	};
	rootObject = 6572499628F4A7460049099A /* Project object */;
}
